
Microsoft Visual Studio Solution File, Format Version 12.00
# Visual Studio Version 16
VisualStudioVersion = 16.0.29102.190
MinimumVisualStudioVersion = 10.0.40219.1
Project("{FAE04EC0-301F-11D3-BF4B-00C04F79EFBC}") = "KudvenkatCSharp", "KudvenkatCSharp\KudvenkatCSharp.csproj", "{D2440C2C-E1CE-4F88-BD44-9E4BC9D66CD8}"
EndProject
Global
	GlobalSection(SolutionConfigurationPlatforms) = preSolution
		Debug|Any CPU = Debug|Any CPU
		Release|Any CPU = Release|Any CPU
	EndGlobalSection
	GlobalSection(ProjectConfigurationPlatforms) = postSolution
		{D2440C2C-E1CE-4F88-BD44-9E4BC9D66CD8}.Debug|Any CPU.ActiveCfg = Debug|Any CPU
		{D2440C2C-E1CE-4F88-BD44-9E4BC9D66CD8}.Debug|Any CPU.Build.0 = Debug|Any CPU
		{D2440C2C-E1CE-4F88-BD44-9E4BC9D66CD8}.Release|Any CPU.ActiveCfg = Release|Any CPU
		{D2440C2C-E1CE-4F88-BD44-9E4BC9D66CD8}.Release|Any CPU.Build.0 = Release|Any CPU
	EndGlobalSection
	GlobalSection(SolutionProperties) = preSolution
		HideSolutionNode = FALSE
	EndGlobalSection
	GlobalSection(ExtensibilityGlobals) = postSolution
		SolutionGuid = {DE197E2C-B94F-4EB6-B8F5-AEA7B365B7A3}
	EndGlobalSection
EndGlobal
