
Microsoft Visual Studio Solution File, Format Version 12.00
# Visual Studio Version 16
VisualStudioVersion = 16.0.29102.190
MinimumVisualStudioVersion = 10.0.40219.1
Project("{FAE04EC0-301F-11D3-BF4B-00C04F79EFBC}") = "KudvenkatCSharp", "KudvenkatCSharp\KudvenkatCSharp.csproj", "{D2440C2C-E1CE-4F88-BD44-9E4BC9D66CD8}"
EndProject
Project("{9A19103F-16F7-4668-BE54-9A1E7A4F7556}") = "ProjectA.TeamA", "ProjectA.TeamA\ProjectA.TeamA.csproj", "{EA273B3B-88EB-4BCF-B8C6-D659E7BEC943}"
EndProject
Project("{9A19103F-16F7-4668-BE54-9A1E7A4F7556}") = "ProjectA.TeamB", "ProjectA.TeamB\ProjectA.TeamB.csproj", "{AD430C6A-9BE5-447E-A882-466E08C7182C}"
EndProject
Project("{9A19103F-16F7-4668-BE54-9A1E7A4F7556}") = "AssemblyOne", "AssemblyOne\AssemblyOne.csproj", "{35338F21-65E5-48FE-8BC8-2F7DFD3F3853}"
EndProject
Project("{9A19103F-16F7-4668-BE54-9A1E7A4F7556}") = "AssemblyTwo", "AssemblyTwo\AssemblyTwo.csproj", "{AAE285AF-1BF7-4057-B0F1-98C433EDA5D4}"
EndProject
Project("{FAE04EC0-301F-11D3-BF4B-00C04F79EFBC}") = "Reflection", "Reflection\Reflection.csproj", "{8A8B58D3-7346-4938-BE24-82EFC28D9EDA}"
EndProject
Project("{FAE04EC0-301F-11D3-BF4B-00C04F79EFBC}") = "PartialClasses", "PartialClasses\PartialClasses.csproj", "{516EAC57-6A6E-483B-82B7-431D861C934D}"
EndProject
Project("{FAE04EC0-301F-11D3-BF4B-00C04F79EFBC}") = "Indexers", "Indexers64\Indexers.csproj", "{A2C76FAE-456B-46CE-B486-ED1A28AE807F}"
EndProject
Project("{FAE04EC0-301F-11D3-BF4B-00C04F79EFBC}") = "Dictionary81", "Dictionary81\Dictionary81.csproj", "{D6A4187F-FF78-4BAA-8755-E527991CBAF6}"
EndProject
Project("{FAE04EC0-301F-11D3-BF4B-00C04F79EFBC}") = "QueueAndStack84And85", "QueueAndStack84And85\QueueAndStack84And85.csproj", "{D694A2C3-C1E2-4FB4-B1DD-C0A4A25641E5}"
EndProject
Project("{FAE04EC0-301F-11D3-BF4B-00C04F79EFBC}") = "MultiThreading86", "MultiThreading86\MultiThreading86.csproj", "{84199039-BFA4-4EB5-BD0C-8FD854E38D12}"
EndProject
Project("{FAE04EC0-301F-11D3-BF4B-00C04F79EFBC}") = "AnonimousMethod98", "AnonimousMethod98\AnonimousMethod98.csproj", "{40FA59B0-73B3-4D1B-B92B-85E09ABD5CF5}"
EndProject
Global
	GlobalSection(SolutionConfigurationPlatforms) = preSolution
		Debug|Any CPU = Debug|Any CPU
		Release|Any CPU = Release|Any CPU
	EndGlobalSection
	GlobalSection(ProjectConfigurationPlatforms) = postSolution
		{D2440C2C-E1CE-4F88-BD44-9E4BC9D66CD8}.Debug|Any CPU.ActiveCfg = Debug|Any CPU
		{D2440C2C-E1CE-4F88-BD44-9E4BC9D66CD8}.Debug|Any CPU.Build.0 = Debug|Any CPU
		{D2440C2C-E1CE-4F88-BD44-9E4BC9D66CD8}.Release|Any CPU.ActiveCfg = Release|Any CPU
		{D2440C2C-E1CE-4F88-BD44-9E4BC9D66CD8}.Release|Any CPU.Build.0 = Release|Any CPU
		{EA273B3B-88EB-4BCF-B8C6-D659E7BEC943}.Debug|Any CPU.ActiveCfg = Debug|Any CPU
		{EA273B3B-88EB-4BCF-B8C6-D659E7BEC943}.Debug|Any CPU.Build.0 = Debug|Any CPU
		{EA273B3B-88EB-4BCF-B8C6-D659E7BEC943}.Release|Any CPU.ActiveCfg = Release|Any CPU
		{EA273B3B-88EB-4BCF-B8C6-D659E7BEC943}.Release|Any CPU.Build.0 = Release|Any CPU
		{AD430C6A-9BE5-447E-A882-466E08C7182C}.Debug|Any CPU.ActiveCfg = Debug|Any CPU
		{AD430C6A-9BE5-447E-A882-466E08C7182C}.Debug|Any CPU.Build.0 = Debug|Any CPU
		{AD430C6A-9BE5-447E-A882-466E08C7182C}.Release|Any CPU.ActiveCfg = Release|Any CPU
		{AD430C6A-9BE5-447E-A882-466E08C7182C}.Release|Any CPU.Build.0 = Release|Any CPU
		{35338F21-65E5-48FE-8BC8-2F7DFD3F3853}.Debug|Any CPU.ActiveCfg = Debug|Any CPU
		{35338F21-65E5-48FE-8BC8-2F7DFD3F3853}.Debug|Any CPU.Build.0 = Debug|Any CPU
		{35338F21-65E5-48FE-8BC8-2F7DFD3F3853}.Release|Any CPU.ActiveCfg = Release|Any CPU
		{35338F21-65E5-48FE-8BC8-2F7DFD3F3853}.Release|Any CPU.Build.0 = Release|Any CPU
		{AAE285AF-1BF7-4057-B0F1-98C433EDA5D4}.Debug|Any CPU.ActiveCfg = Debug|Any CPU
		{AAE285AF-1BF7-4057-B0F1-98C433EDA5D4}.Debug|Any CPU.Build.0 = Debug|Any CPU
		{AAE285AF-1BF7-4057-B0F1-98C433EDA5D4}.Release|Any CPU.ActiveCfg = Release|Any CPU
		{AAE285AF-1BF7-4057-B0F1-98C433EDA5D4}.Release|Any CPU.Build.0 = Release|Any CPU
		{8A8B58D3-7346-4938-BE24-82EFC28D9EDA}.Debug|Any CPU.ActiveCfg = Debug|Any CPU
		{8A8B58D3-7346-4938-BE24-82EFC28D9EDA}.Debug|Any CPU.Build.0 = Debug|Any CPU
		{8A8B58D3-7346-4938-BE24-82EFC28D9EDA}.Release|Any CPU.ActiveCfg = Release|Any CPU
		{8A8B58D3-7346-4938-BE24-82EFC28D9EDA}.Release|Any CPU.Build.0 = Release|Any CPU
		{516EAC57-6A6E-483B-82B7-431D861C934D}.Debug|Any CPU.ActiveCfg = Debug|Any CPU
		{516EAC57-6A6E-483B-82B7-431D861C934D}.Debug|Any CPU.Build.0 = Debug|Any CPU
		{516EAC57-6A6E-483B-82B7-431D861C934D}.Release|Any CPU.ActiveCfg = Release|Any CPU
		{516EAC57-6A6E-483B-82B7-431D861C934D}.Release|Any CPU.Build.0 = Release|Any CPU
		{A2C76FAE-456B-46CE-B486-ED1A28AE807F}.Debug|Any CPU.ActiveCfg = Debug|Any CPU
		{A2C76FAE-456B-46CE-B486-ED1A28AE807F}.Debug|Any CPU.Build.0 = Debug|Any CPU
		{A2C76FAE-456B-46CE-B486-ED1A28AE807F}.Release|Any CPU.ActiveCfg = Release|Any CPU
		{A2C76FAE-456B-46CE-B486-ED1A28AE807F}.Release|Any CPU.Build.0 = Release|Any CPU
		{D6A4187F-FF78-4BAA-8755-E527991CBAF6}.Debug|Any CPU.ActiveCfg = Debug|Any CPU
		{D6A4187F-FF78-4BAA-8755-E527991CBAF6}.Debug|Any CPU.Build.0 = Debug|Any CPU
		{D6A4187F-FF78-4BAA-8755-E527991CBAF6}.Release|Any CPU.ActiveCfg = Release|Any CPU
		{D6A4187F-FF78-4BAA-8755-E527991CBAF6}.Release|Any CPU.Build.0 = Release|Any CPU
		{D694A2C3-C1E2-4FB4-B1DD-C0A4A25641E5}.Debug|Any CPU.ActiveCfg = Debug|Any CPU
		{D694A2C3-C1E2-4FB4-B1DD-C0A4A25641E5}.Debug|Any CPU.Build.0 = Debug|Any CPU
		{D694A2C3-C1E2-4FB4-B1DD-C0A4A25641E5}.Release|Any CPU.ActiveCfg = Release|Any CPU
		{D694A2C3-C1E2-4FB4-B1DD-C0A4A25641E5}.Release|Any CPU.Build.0 = Release|Any CPU
		{84199039-BFA4-4EB5-BD0C-8FD854E38D12}.Debug|Any CPU.ActiveCfg = Debug|Any CPU
		{84199039-BFA4-4EB5-BD0C-8FD854E38D12}.Debug|Any CPU.Build.0 = Debug|Any CPU
		{84199039-BFA4-4EB5-BD0C-8FD854E38D12}.Release|Any CPU.ActiveCfg = Release|Any CPU
		{84199039-BFA4-4EB5-BD0C-8FD854E38D12}.Release|Any CPU.Build.0 = Release|Any CPU
		{40FA59B0-73B3-4D1B-B92B-85E09ABD5CF5}.Debug|Any CPU.ActiveCfg = Debug|Any CPU
		{40FA59B0-73B3-4D1B-B92B-85E09ABD5CF5}.Debug|Any CPU.Build.0 = Debug|Any CPU
		{40FA59B0-73B3-4D1B-B92B-85E09ABD5CF5}.Release|Any CPU.ActiveCfg = Release|Any CPU
		{40FA59B0-73B3-4D1B-B92B-85E09ABD5CF5}.Release|Any CPU.Build.0 = Release|Any CPU
	EndGlobalSection
	GlobalSection(SolutionProperties) = preSolution
		HideSolutionNode = FALSE
	EndGlobalSection
	GlobalSection(ExtensibilityGlobals) = postSolution
		SolutionGuid = {DE197E2C-B94F-4EB6-B8F5-AEA7B365B7A3}
	EndGlobalSection
EndGlobal
